
Microsoft Visual Studio Solution File, Format Version 12.00
# Visual Studio Version 17
VisualStudioVersion = 17.12.35527.113
MinimumVisualStudioVersion = 10.0.40219.1
Project("{FAE04EC0-301F-11D3-BF4B-00C04F79EFBC}") = "ADO.NET2", "ADO.NET2\ADO.NET2.csproj", "{029A185D-5FFA-4EA1-A43A-341DB325C57A}"
EndProject
Project("{FAE04EC0-301F-11D3-BF4B-00C04F79EFBC}") = "ExternalBase", "ExternalBase\ExternalBase.csproj", "{8E7329ED-BED6-4534-B167-91939302ED91}"
EndProject
Project("{FAE04EC0-301F-11D3-BF4B-00C04F79EFBC}") = "Academy", "Academy\Academy.csproj", "{C6AB4765-9B10-47F4-846C-5E1EFED27DB6}"
EndProject
Global
	GlobalSection(SolutionConfigurationPlatforms) = preSolution
		Debug|Any CPU = Debug|Any CPU
		Release|Any CPU = Release|Any CPU
	EndGlobalSection
	GlobalSection(ProjectConfigurationPlatforms) = postSolution
		{029A185D-5FFA-4EA1-A43A-341DB325C57A}.Debug|Any CPU.ActiveCfg = Debug|Any CPU
		{029A185D-5FFA-4EA1-A43A-341DB325C57A}.Debug|Any CPU.Build.0 = Debug|Any CPU
		{029A185D-5FFA-4EA1-A43A-341DB325C57A}.Release|Any CPU.ActiveCfg = Release|Any CPU
		{029A185D-5FFA-4EA1-A43A-341DB325C57A}.Release|Any CPU.Build.0 = Release|Any CPU
		{8E7329ED-BED6-4534-B167-91939302ED91}.Debug|Any CPU.ActiveCfg = Debug|Any CPU
		{8E7329ED-BED6-4534-B167-91939302ED91}.Debug|Any CPU.Build.0 = Debug|Any CPU
		{8E7329ED-BED6-4534-B167-91939302ED91}.Release|Any CPU.ActiveCfg = Release|Any CPU
		{8E7329ED-BED6-4534-B167-91939302ED91}.Release|Any CPU.Build.0 = Release|Any CPU
		{C6AB4765-9B10-47F4-846C-5E1EFED27DB6}.Debug|Any CPU.ActiveCfg = Debug|Any CPU
		{C6AB4765-9B10-47F4-846C-5E1EFED27DB6}.Debug|Any CPU.Build.0 = Debug|Any CPU
		{C6AB4765-9B10-47F4-846C-5E1EFED27DB6}.Release|Any CPU.ActiveCfg = Release|Any CPU
		{C6AB4765-9B10-47F4-846C-5E1EFED27DB6}.Release|Any CPU.Build.0 = Release|Any CPU
	EndGlobalSection
	GlobalSection(SolutionProperties) = preSolution
		HideSolutionNode = FALSE
	EndGlobalSection
EndGlobal
